
Microsoft Visual Studio Solution File, Format Version 12.00
# Visual Studio Version 17
VisualStudioVersion = 17.1.32210.238
MinimumVisualStudioVersion = 10.0.40219.1
Project("{FAE04EC0-301F-11D3-BF4B-00C04F79EFBC}") = "Santader.UserControl", "Santader.UserControl\Santader.UserControl.csproj", "{C0810444-65DB-44A2-B36B-B786DA0B178F}"
EndProject
Global
	GlobalSection(SolutionConfigurationPlatforms) = preSolution
		Debug|Any CPU = Debug|Any CPU
		Release|Any CPU = Release|Any CPU
	EndGlobalSection
	GlobalSection(ProjectConfigurationPlatforms) = postSolution
		{C0810444-65DB-44A2-B36B-B786DA0B178F}.Debug|Any CPU.ActiveCfg = Debug|Any CPU
		{C0810444-65DB-44A2-B36B-B786DA0B178F}.Debug|Any CPU.Build.0 = Debug|Any CPU
		{C0810444-65DB-44A2-B36B-B786DA0B178F}.Release|Any CPU.ActiveCfg = Release|Any CPU
		{C0810444-65DB-44A2-B36B-B786DA0B178F}.Release|Any CPU.Build.0 = Release|Any CPU
	EndGlobalSection
	GlobalSection(SolutionProperties) = preSolution
		HideSolutionNode = FALSE
	EndGlobalSection
	GlobalSection(ExtensibilityGlobals) = postSolution
		SolutionGuid = {E70BC70E-4B7C-45C1-99A7-3B2280FD9BC8}
	EndGlobalSection
EndGlobal
